
Microsoft Visual Studio Solution File, Format Version 12.00
# Visual Studio Version 17
VisualStudioVersion = 17.7.34221.43
MinimumVisualStudioVersion = 10.0.40219.1
Project("{9A19103F-16F7-4668-BE54-9A1E7A4F7556}") = "Intune Group Assignments", "Intune Group Assignments\Intune Group Assignments.csproj", "{AB27A904-D667-41F0-9AE9-928429EFD917}"
EndProject
Project("{9A19103F-16F7-4668-BE54-9A1E7A4F7556}") = "Intune Group Assignments.Core", "Intune Group Assignments.Core\Intune Group Assignments.Core.csproj", "{AAAEFF8C-33D8-4944-B5D9-D93015D24C50}"
EndProject
Project("{840C416C-B8F3-42BC-B0DD-F6BB14C9F8CB}") = "SetupBuilder x64_advinst", "SetupBuilder x64_advinst\SetupBuilder x64_advinst.aiproj", "{C8DF1603-64DD-43C7-8CB4-F023D976E5CB}"
EndProject
Global
	GlobalSection(SolutionConfigurationPlatforms) = preSolution
		All|Any CPU = All|Any CPU
		All|arm64 = All|arm64
		All|x64 = All|x64
		All|x86 = All|x86
		Debug|Any CPU = Debug|Any CPU
		Debug|arm64 = Debug|arm64
		Debug|x64 = Debug|x64
		Debug|x86 = Debug|x86
		DefaultBuild|Any CPU = DefaultBuild|Any CPU
		DefaultBuild|arm64 = DefaultBuild|arm64
		DefaultBuild|x64 = DefaultBuild|x64
		DefaultBuild|x86 = DefaultBuild|x86
		Release|Any CPU = Release|Any CPU
		Release|arm64 = Release|arm64
		Release|x64 = Release|x64
		Release|x86 = Release|x86
	EndGlobalSection
	GlobalSection(ProjectConfigurationPlatforms) = postSolution
		{AB27A904-D667-41F0-9AE9-928429EFD917}.All|Any CPU.ActiveCfg = Release|x64
		{AB27A904-D667-41F0-9AE9-928429EFD917}.All|Any CPU.Build.0 = Release|x64
		{AB27A904-D667-41F0-9AE9-928429EFD917}.All|arm64.ActiveCfg = Release|arm64
		{AB27A904-D667-41F0-9AE9-928429EFD917}.All|arm64.Build.0 = Release|arm64
		{AB27A904-D667-41F0-9AE9-928429EFD917}.All|x64.ActiveCfg = Release|x64
		{AB27A904-D667-41F0-9AE9-928429EFD917}.All|x64.Build.0 = Release|x64
		{AB27A904-D667-41F0-9AE9-928429EFD917}.All|x86.ActiveCfg = Release|x86
		{AB27A904-D667-41F0-9AE9-928429EFD917}.All|x86.Build.0 = Release|x86
		{AB27A904-D667-41F0-9AE9-928429EFD917}.Debug|Any CPU.ActiveCfg = Debug|x64
		{AB27A904-D667-41F0-9AE9-928429EFD917}.Debug|Any CPU.Build.0 = Debug|x64
		{AB27A904-D667-41F0-9AE9-928429EFD917}.Debug|Any CPU.Deploy.0 = Debug|x64
		{AB27A904-D667-41F0-9AE9-928429EFD917}.Debug|arm64.ActiveCfg = Debug|arm64
		{AB27A904-D667-41F0-9AE9-928429EFD917}.Debug|arm64.Build.0 = Debug|arm64
		{AB27A904-D667-41F0-9AE9-928429EFD917}.Debug|arm64.Deploy.0 = Debug|arm64
		{AB27A904-D667-41F0-9AE9-928429EFD917}.Debug|x64.ActiveCfg = Debug|x64
		{AB27A904-D667-41F0-9AE9-928429EFD917}.Debug|x64.Build.0 = Debug|x64
		{AB27A904-D667-41F0-9AE9-928429EFD917}.Debug|x64.Deploy.0 = Debug|x64
		{AB27A904-D667-41F0-9AE9-928429EFD917}.Debug|x86.ActiveCfg = Debug|x86
		{AB27A904-D667-41F0-9AE9-928429EFD917}.Debug|x86.Build.0 = Debug|x86
		{AB27A904-D667-41F0-9AE9-928429EFD917}.Debug|x86.Deploy.0 = Debug|x86
		{AB27A904-D667-41F0-9AE9-928429EFD917}.DefaultBuild|Any CPU.ActiveCfg = Debug|x64
		{AB27A904-D667-41F0-9AE9-928429EFD917}.DefaultBuild|Any CPU.Build.0 = Debug|x64
		{AB27A904-D667-41F0-9AE9-928429EFD917}.DefaultBuild|arm64.ActiveCfg = Debug|arm64
		{AB27A904-D667-41F0-9AE9-928429EFD917}.DefaultBuild|arm64.Build.0 = Debug|arm64
		{AB27A904-D667-41F0-9AE9-928429EFD917}.DefaultBuild|x64.ActiveCfg = Debug|x64
		{AB27A904-D667-41F0-9AE9-928429EFD917}.DefaultBuild|x64.Build.0 = Debug|x64
		{AB27A904-D667-41F0-9AE9-928429EFD917}.DefaultBuild|x86.ActiveCfg = Debug|x86
		{AB27A904-D667-41F0-9AE9-928429EFD917}.DefaultBuild|x86.Build.0 = Debug|x86
		{AB27A904-D667-41F0-9AE9-928429EFD917}.Release|Any CPU.ActiveCfg = Release|x64
		{AB27A904-D667-41F0-9AE9-928429EFD917}.Release|Any CPU.Build.0 = Release|x64
		{AB27A904-D667-41F0-9AE9-928429EFD917}.Release|Any CPU.Deploy.0 = Release|x64
		{AB27A904-D667-41F0-9AE9-928429EFD917}.Release|arm64.ActiveCfg = Release|arm64
		{AB27A904-D667-41F0-9AE9-928429EFD917}.Release|arm64.Build.0 = Release|arm64
		{AB27A904-D667-41F0-9AE9-928429EFD917}.Release|arm64.Deploy.0 = Release|arm64
		{AB27A904-D667-41F0-9AE9-928429EFD917}.Release|x64.ActiveCfg = Release|x64
		{AB27A904-D667-41F0-9AE9-928429EFD917}.Release|x64.Build.0 = Release|x64
		{AB27A904-D667-41F0-9AE9-928429EFD917}.Release|x64.Deploy.0 = Release|x64
		{AB27A904-D667-41F0-9AE9-928429EFD917}.Release|x86.ActiveCfg = Release|x86
		{AB27A904-D667-41F0-9AE9-928429EFD917}.Release|x86.Build.0 = Release|x86
		{AB27A904-D667-41F0-9AE9-928429EFD917}.Release|x86.Deploy.0 = Release|x86
		{AAAEFF8C-33D8-4944-B5D9-D93015D24C50}.All|Any CPU.ActiveCfg = Release|Any CPU
		{AAAEFF8C-33D8-4944-B5D9-D93015D24C50}.All|Any CPU.Build.0 = Release|Any CPU
		{AAAEFF8C-33D8-4944-B5D9-D93015D24C50}.All|arm64.ActiveCfg = Release|arm64
		{AAAEFF8C-33D8-4944-B5D9-D93015D24C50}.All|arm64.Build.0 = Release|arm64
		{AAAEFF8C-33D8-4944-B5D9-D93015D24C50}.All|x64.ActiveCfg = Release|x64
		{AAAEFF8C-33D8-4944-B5D9-D93015D24C50}.All|x64.Build.0 = Release|x64
		{AAAEFF8C-33D8-4944-B5D9-D93015D24C50}.All|x86.ActiveCfg = Release|x86
		{AAAEFF8C-33D8-4944-B5D9-D93015D24C50}.All|x86.Build.0 = Release|x86
		{AAAEFF8C-33D8-4944-B5D9-D93015D24C50}.Debug|Any CPU.ActiveCfg = Debug|Any CPU
		{AAAEFF8C-33D8-4944-B5D9-D93015D24C50}.Debug|Any CPU.Build.0 = Debug|Any CPU
		{AAAEFF8C-33D8-4944-B5D9-D93015D24C50}.Debug|arm64.ActiveCfg = Debug|arm64
		{AAAEFF8C-33D8-4944-B5D9-D93015D24C50}.Debug|arm64.Build.0 = Debug|arm64
		{AAAEFF8C-33D8-4944-B5D9-D93015D24C50}.Debug|x64.ActiveCfg = Debug|x64
		{AAAEFF8C-33D8-4944-B5D9-D93015D24C50}.Debug|x64.Build.0 = Debug|x64
		{AAAEFF8C-33D8-4944-B5D9-D93015D24C50}.Debug|x86.ActiveCfg = Debug|x86
		{AAAEFF8C-33D8-4944-B5D9-D93015D24C50}.Debug|x86.Build.0 = Debug|x86
		{AAAEFF8C-33D8-4944-B5D9-D93015D24C50}.DefaultBuild|Any CPU.ActiveCfg = Debug|Any CPU
		{AAAEFF8C-33D8-4944-B5D9-D93015D24C50}.DefaultBuild|Any CPU.Build.0 = Debug|Any CPU
		{AAAEFF8C-33D8-4944-B5D9-D93015D24C50}.DefaultBuild|arm64.ActiveCfg = Debug|arm64
		{AAAEFF8C-33D8-4944-B5D9-D93015D24C50}.DefaultBuild|arm64.Build.0 = Debug|arm64
		{AAAEFF8C-33D8-4944-B5D9-D93015D24C50}.DefaultBuild|x64.ActiveCfg = Debug|x64
		{AAAEFF8C-33D8-4944-B5D9-D93015D24C50}.DefaultBuild|x64.Build.0 = Debug|x64
		{AAAEFF8C-33D8-4944-B5D9-D93015D24C50}.DefaultBuild|x86.ActiveCfg = Debug|x86
		{AAAEFF8C-33D8-4944-B5D9-D93015D24C50}.DefaultBuild|x86.Build.0 = Debug|x86
		{AAAEFF8C-33D8-4944-B5D9-D93015D24C50}.Release|Any CPU.ActiveCfg = Release|Any CPU
		{AAAEFF8C-33D8-4944-B5D9-D93015D24C50}.Release|Any CPU.Build.0 = Release|Any CPU
		{AAAEFF8C-33D8-4944-B5D9-D93015D24C50}.Release|arm64.ActiveCfg = Release|arm64
		{AAAEFF8C-33D8-4944-B5D9-D93015D24C50}.Release|arm64.Build.0 = Release|arm64
		{AAAEFF8C-33D8-4944-B5D9-D93015D24C50}.Release|x64.ActiveCfg = Release|x64
		{AAAEFF8C-33D8-4944-B5D9-D93015D24C50}.Release|x64.Build.0 = Release|x64
		{AAAEFF8C-33D8-4944-B5D9-D93015D24C50}.Release|x86.ActiveCfg = Release|x86
		{AAAEFF8C-33D8-4944-B5D9-D93015D24C50}.Release|x86.Build.0 = Release|x86
		{C8DF1603-64DD-43C7-8CB4-F023D976E5CB}.All|Any CPU.ActiveCfg = DefaultBuild
		{C8DF1603-64DD-43C7-8CB4-F023D976E5CB}.All|Any CPU.Build.0 = DefaultBuild
		{C8DF1603-64DD-43C7-8CB4-F023D976E5CB}.All|arm64.ActiveCfg = DefaultBuild
		{C8DF1603-64DD-43C7-8CB4-F023D976E5CB}.All|arm64.Build.0 = DefaultBuild
		{C8DF1603-64DD-43C7-8CB4-F023D976E5CB}.All|x64.ActiveCfg = DefaultBuild
		{C8DF1603-64DD-43C7-8CB4-F023D976E5CB}.All|x64.Build.0 = DefaultBuild
		{C8DF1603-64DD-43C7-8CB4-F023D976E5CB}.All|x86.ActiveCfg = DefaultBuild
		{C8DF1603-64DD-43C7-8CB4-F023D976E5CB}.All|x86.Build.0 = DefaultBuild
		{C8DF1603-64DD-43C7-8CB4-F023D976E5CB}.Debug|Any CPU.ActiveCfg = DefaultBuild
		{C8DF1603-64DD-43C7-8CB4-F023D976E5CB}.Debug|Any CPU.Build.0 = DefaultBuild
		{C8DF1603-64DD-43C7-8CB4-F023D976E5CB}.Debug|arm64.ActiveCfg = DefaultBuild
		{C8DF1603-64DD-43C7-8CB4-F023D976E5CB}.Debug|arm64.Build.0 = DefaultBuild
		{C8DF1603-64DD-43C7-8CB4-F023D976E5CB}.Debug|x64.ActiveCfg = DefaultBuild
		{C8DF1603-64DD-43C7-8CB4-F023D976E5CB}.Debug|x64.Build.0 = DefaultBuild
		{C8DF1603-64DD-43C7-8CB4-F023D976E5CB}.Debug|x86.ActiveCfg = DefaultBuild
		{C8DF1603-64DD-43C7-8CB4-F023D976E5CB}.Debug|x86.Build.0 = DefaultBuild
		{C8DF1603-64DD-43C7-8CB4-F023D976E5CB}.DefaultBuild|Any CPU.ActiveCfg = DefaultBuild
		{C8DF1603-64DD-43C7-8CB4-F023D976E5CB}.DefaultBuild|Any CPU.Build.0 = DefaultBuild
		{C8DF1603-64DD-43C7-8CB4-F023D976E5CB}.DefaultBuild|arm64.ActiveCfg = DefaultBuild
		{C8DF1603-64DD-43C7-8CB4-F023D976E5CB}.DefaultBuild|arm64.Build.0 = DefaultBuild
		{C8DF1603-64DD-43C7-8CB4-F023D976E5CB}.DefaultBuild|x64.ActiveCfg = DefaultBuild
		{C8DF1603-64DD-43C7-8CB4-F023D976E5CB}.DefaultBuild|x64.Build.0 = DefaultBuild
		{C8DF1603-64DD-43C7-8CB4-F023D976E5CB}.DefaultBuild|x86.ActiveCfg = DefaultBuild
		{C8DF1603-64DD-43C7-8CB4-F023D976E5CB}.DefaultBuild|x86.Build.0 = DefaultBuild
		{C8DF1603-64DD-43C7-8CB4-F023D976E5CB}.Release|Any CPU.ActiveCfg = DefaultBuild
		{C8DF1603-64DD-43C7-8CB4-F023D976E5CB}.Release|Any CPU.Build.0 = DefaultBuild
		{C8DF1603-64DD-43C7-8CB4-F023D976E5CB}.Release|arm64.ActiveCfg = DefaultBuild
		{C8DF1603-64DD-43C7-8CB4-F023D976E5CB}.Release|arm64.Build.0 = DefaultBuild
		{C8DF1603-64DD-43C7-8CB4-F023D976E5CB}.Release|x64.ActiveCfg = DefaultBuild
		{C8DF1603-64DD-43C7-8CB4-F023D976E5CB}.Release|x64.Build.0 = DefaultBuild
		{C8DF1603-64DD-43C7-8CB4-F023D976E5CB}.Release|x86.ActiveCfg = DefaultBuild
		{C8DF1603-64DD-43C7-8CB4-F023D976E5CB}.Release|x86.Build.0 = DefaultBuild
	EndGlobalSection
	GlobalSection(SolutionProperties) = preSolution
		HideSolutionNode = FALSE
	EndGlobalSection
	GlobalSection(ExtensibilityGlobals) = postSolution
		SolutionGuid = {CFE6B598-E0E4-4C33-A558-AA2A1C638CD1}
	EndGlobalSection
EndGlobal
