
Microsoft Visual Studio Solution File, Format Version 12.00
# Visual Studio Version 17
VisualStudioVersion = 17.5.002.0
MinimumVisualStudioVersion = 10.0.40219.1
Project("{9A19103F-16F7-4668-BE54-9A1E7A4F7556}") = "Intune Group Assignments", "Intune Group Assignments.csproj", "{9351CD0D-1454-4BAE-9072-47B2A08B1775}"
EndProject
Global
	GlobalSection(SolutionConfigurationPlatforms) = preSolution
		Debug|Any CPU = Debug|Any CPU
		Release|Any CPU = Release|Any CPU
	EndGlobalSection
	GlobalSection(ProjectConfigurationPlatforms) = postSolution
		{9351CD0D-1454-4BAE-9072-47B2A08B1775}.Debug|Any CPU.ActiveCfg = Debug|Any CPU
		{9351CD0D-1454-4BAE-9072-47B2A08B1775}.Debug|Any CPU.Build.0 = Debug|Any CPU
		{9351CD0D-1454-4BAE-9072-47B2A08B1775}.Release|Any CPU.ActiveCfg = Release|Any CPU
		{9351CD0D-1454-4BAE-9072-47B2A08B1775}.Release|Any CPU.Build.0 = Release|Any CPU
	EndGlobalSection
	GlobalSection(SolutionProperties) = preSolution
		HideSolutionNode = FALSE
	EndGlobalSection
	GlobalSection(ExtensibilityGlobals) = postSolution
		SolutionGuid = {91D4667E-2B51-419E-A28B-A2A992CACA96}
	EndGlobalSection
EndGlobal
